// !$*UTF8*$!
{
	archiveVersion = 1;
	classes = {
	};
	objectVersion = 50;
	objects = {

/* Begin PBXBuildFile section */
		7A2637B920E369C0008FF5BA /* AppDelegate.swift in Sources */ = {isa = PBXBuildFile; fileRef = 7A2637B820E369C0008FF5BA /* AppDelegate.swift */; };
		7A2637BB20E369C0008FF5BA /* ViewController.swift in Sources */ = {isa = PBXBuildFile; fileRef = 7A2637BA20E369C0008FF5BA /* ViewController.swift */; };
		7A2637BE20E369C0008FF5BA /* Main.storyboard in Resources */ = {isa = PBXBuildFile; fileRef = 7A2637BC20E369C0008FF5BA /* Main.storyboard */; };
		7A2637C120E369C0008FF5BA /* DemoApp.xcdatamodeld in Sources */ = {isa = PBXBuildFile; fileRef = 7A2637BF20E369C0008FF5BA /* DemoApp.xcdatamodeld */; };
		7A2637C320E369C2008FF5BA /* Assets.xcassets in Resources */ = {isa = PBXBuildFile; fileRef = 7A2637C220E369C2008FF5BA /* Assets.xcassets */; };
		7A2637C620E369C2008FF5BA /* LaunchScreen.storyboard in Resources */ = {isa = PBXBuildFile; fileRef = 7A2637C420E369C2008FF5BA /* LaunchScreen.storyboard */; };
		7A2637D120E369C2008FF5BA /* DemoAppTests.swift in Sources */ = {isa = PBXBuildFile; fileRef = 7A2637D020E369C2008FF5BA /* DemoAppTests.swift */; };
		7A2637DC20E369C2008FF5BA /* DemoAppUITests.swift in Sources */ = {isa = PBXBuildFile; fileRef = 7A2637DB20E369C2008FF5BA /* DemoAppUITests.swift */; };
/* End PBXBuildFile section */

/* Begin PBXContainerItemProxy section */
		7A2637CD20E369C2008FF5BA /* PBXContainerItemProxy */ = {
			isa = PBXContainerItemProxy;
			containerPortal = 7A2637AD20E369C0008FF5BA /* Project object */;
			proxyType = 1;
			remoteGlobalIDString = 7A2637B420E369C0008FF5BA;
			remoteInfo = DemoApp;
		};
		7A2637D820E369C2008FF5BA /* PBXContainerItemProxy */ = {
			isa = PBXContainerItemProxy;
			containerPortal = 7A2637AD20E369C0008FF5BA /* Project object */;
			proxyType = 1;
			remoteGlobalIDString = 7A2637B420E369C0008FF5BA;
			remoteInfo = DemoApp;
		};
		7A7B4F9C20E36E080078E8C8 /* PBXContainerItemProxy */ = {
			isa = PBXContainerItemProxy;
			containerPortal = 7A7B4F9720E36E070078E8C8 /* FrameworkOne.xcodeproj */;
			proxyType = 2;
			remoteGlobalIDString = 7A2637F320E36D8C008FF5BA;
			remoteInfo = FrameworkOne;
		};
		7A7B4F9E20E36E080078E8C8 /* PBXContainerItemProxy */ = {
			isa = PBXContainerItemProxy;
			containerPortal = 7A7B4F9720E36E070078E8C8 /* FrameworkOne.xcodeproj */;
			proxyType = 2;
			remoteGlobalIDString = 7A2637FC20E36D8D008FF5BA;
			remoteInfo = FrameworkOneTests;
		};
		7A7B4FCA20E370220078E8C8 /* PBXContainerItemProxy */ = {
			isa = PBXContainerItemProxy;
			containerPortal = 7A7B4FC520E370220078E8C8 /* FrameworkCore.xcodeproj */;
			proxyType = 2;
			remoteGlobalIDString = 7A7B4FAA20E36E250078E8C8;
			remoteInfo = FrameworkCore;
		};
		7A7B4FCC20E370220078E8C8 /* PBXContainerItemProxy */ = {
			isa = PBXContainerItemProxy;
			containerPortal = 7A7B4FC520E370220078E8C8 /* FrameworkCore.xcodeproj */;
			proxyType = 2;
			remoteGlobalIDString = 7A7B4FB320E36E250078E8C8;
			remoteInfo = FrameworkCoreTests;
		};
/* End PBXContainerItemProxy section */

/* Begin PBXFileReference section */
		7A2637B520E369C0008FF5BA /* DemoApp.app */ = {isa = PBXFileReference; explicitFileType = wrapper.application; includeInIndex = 0; path = DemoApp.app; sourceTree = BUILT_PRODUCTS_DIR; };
		7A2637B820E369C0008FF5BA /* AppDelegate.swift */ = {isa = PBXFileReference; lastKnownFileType = sourcecode.swift; path = AppDelegate.swift; sourceTree = "<group>"; };
		7A2637BA20E369C0008FF5BA /* ViewController.swift */ = {isa = PBXFileReference; lastKnownFileType = sourcecode.swift; path = ViewController.swift; sourceTree = "<group>"; };
		7A2637BD20E369C0008FF5BA /* Base */ = {isa = PBXFileReference; lastKnownFileType = file.storyboard; name = Base; path = Base.lproj/Main.storyboard; sourceTree = "<group>"; };
		7A2637C020E369C0008FF5BA /* DemoApp.xcdatamodel */ = {isa = PBXFileReference; lastKnownFileType = wrapper.xcdatamodel; path = DemoApp.xcdatamodel; sourceTree = "<group>"; };
		7A2637C220E369C2008FF5BA /* Assets.xcassets */ = {isa = PBXFileReference; lastKnownFileType = folder.assetcatalog; path = Assets.xcassets; sourceTree = "<group>"; };
		7A2637C520E369C2008FF5BA /* Base */ = {isa = PBXFileReference; lastKnownFileType = file.storyboard; name = Base; path = Base.lproj/LaunchScreen.storyboard; sourceTree = "<group>"; };
		7A2637C720E369C2008FF5BA /* Info.plist */ = {isa = PBXFileReference; lastKnownFileType = text.plist.xml; path = Info.plist; sourceTree = "<group>"; };
		7A2637CC20E369C2008FF5BA /* DemoAppTests.xctest */ = {isa = PBXFileReference; explicitFileType = wrapper.cfbundle; includeInIndex = 0; path = DemoAppTests.xctest; sourceTree = BUILT_PRODUCTS_DIR; };
		7A2637D020E369C2008FF5BA /* DemoAppTests.swift */ = {isa = PBXFileReference; lastKnownFileType = sourcecode.swift; path = DemoAppTests.swift; sourceTree = "<group>"; };
		7A2637D220E369C2008FF5BA /* Info.plist */ = {isa = PBXFileReference; lastKnownFileType = text.plist.xml; path = Info.plist; sourceTree = "<group>"; };
		7A2637D720E369C2008FF5BA /* DemoAppUITests.xctest */ = {isa = PBXFileReference; explicitFileType = wrapper.cfbundle; includeInIndex = 0; path = DemoAppUITests.xctest; sourceTree = BUILT_PRODUCTS_DIR; };
		7A2637DB20E369C2008FF5BA /* DemoAppUITests.swift */ = {isa = PBXFileReference; lastKnownFileType = sourcecode.swift; path = DemoAppUITests.swift; sourceTree = "<group>"; };
		7A2637DD20E369C2008FF5BA /* Info.plist */ = {isa = PBXFileReference; lastKnownFileType = text.plist.xml; path = Info.plist; sourceTree = "<group>"; };
		7A7B4F9720E36E070078E8C8 /* FrameworkOne.xcodeproj */ = {isa = PBXFileReference; lastKnownFileType = "wrapper.pb-project"; name = FrameworkOne.xcodeproj; path = ../FrameworkOne/FrameworkOne.xcodeproj; sourceTree = "<group>"; };
		7A7B4FC520E370220078E8C8 /* FrameworkCore.xcodeproj */ = {isa = PBXFileReference; lastKnownFileType = "wrapper.pb-project"; name = FrameworkCore.xcodeproj; path = ../FrameworkCore/FrameworkCore.xcodeproj; sourceTree = "<group>"; };
/* End PBXFileReference section */

/* Begin PBXFrameworksBuildPhase section */
		7A2637B220E369C0008FF5BA /* Frameworks */ = {
			isa = PBXFrameworksBuildPhase;
			buildActionMask = 2147483647;
			files = (
			);
			runOnlyForDeploymentPostprocessing = 0;
		};
		7A2637C920E369C2008FF5BA /* Frameworks */ = {
			isa = PBXFrameworksBuildPhase;
			buildActionMask = 2147483647;
			files = (
			);
			runOnlyForDeploymentPostprocessing = 0;
		};
		7A2637D420E369C2008FF5BA /* Frameworks */ = {
			isa = PBXFrameworksBuildPhase;
			buildActionMask = 2147483647;
			files = (
			);
			runOnlyForDeploymentPostprocessing = 0;
		};
/* End PBXFrameworksBuildPhase section */

/* Begin PBXGroup section */
		7A2637AC20E369C0008FF5BA = {
			isa = PBXGroup;
			children = (
				7A7B4FC520E370220078E8C8 /* FrameworkCore.xcodeproj */,
				7A7B4F9720E36E070078E8C8 /* FrameworkOne.xcodeproj */,
				7A2637B720E369C0008FF5BA /* DemoApp */,
				7A2637CF20E369C2008FF5BA /* DemoAppTests */,
				7A2637DA20E369C2008FF5BA /* DemoAppUITests */,
				7A2637B620E369C0008FF5BA /* Products */,
			);
			sourceTree = "<group>";
		};
		7A2637B620E369C0008FF5BA /* Products */ = {
			isa = PBXGroup;
			children = (
				7A2637B520E369C0008FF5BA /* DemoApp.app */,
				7A2637CC20E369C2008FF5BA /* DemoAppTests.xctest */,
				7A2637D720E369C2008FF5BA /* DemoAppUITests.xctest */,
			);
			name = Products;
			sourceTree = "<group>";
		};
		7A2637B720E369C0008FF5BA /* DemoApp */ = {
			isa = PBXGroup;
			children = (
				7A2637B820E369C0008FF5BA /* AppDelegate.swift */,
				7A2637BA20E369C0008FF5BA /* ViewController.swift */,
				7A2637BC20E369C0008FF5BA /* Main.storyboard */,
				7A2637C220E369C2008FF5BA /* Assets.xcassets */,
				7A2637C420E369C2008FF5BA /* LaunchScreen.storyboard */,
				7A2637C720E369C2008FF5BA /* Info.plist */,
				7A2637BF20E369C0008FF5BA /* DemoApp.xcdatamodeld */,
			);
			path = DemoApp;
			sourceTree = "<group>";
		};
		7A2637CF20E369C2008FF5BA /* DemoAppTests */ = {
			isa = PBXGroup;
			children = (
				7A2637D020E369C2008FF5BA /* DemoAppTests.swift */,
				7A2637D220E369C2008FF5BA /* Info.plist */,
			);
			path = DemoAppTests;
			sourceTree = "<group>";
		};
		7A2637DA20E369C2008FF5BA /* DemoAppUITests */ = {
			isa = PBXGroup;
			children = (
				7A2637DB20E369C2008FF5BA /* DemoAppUITests.swift */,
				7A2637DD20E369C2008FF5BA /* Info.plist */,
			);
			path = DemoAppUITests;
			sourceTree = "<group>";
		};
		7A7B4F9820E36E070078E8C8 /* Products */ = {
			isa = PBXGroup;
			children = (
				7A7B4F9D20E36E080078E8C8 /* FrameworkOne.framework */,
				7A7B4F9F20E36E080078E8C8 /* FrameworkOneTests.xctest */,
			);
			name = Products;
			sourceTree = "<group>";
		};
		7A7B4FC620E370220078E8C8 /* Products */ = {
			isa = PBXGroup;
			children = (
				7A7B4FCB20E370220078E8C8 /* FrameworkCore.framework */,
				7A7B4FCD20E370220078E8C8 /* FrameworkCoreTests.xctest */,
			);
			name = Products;
			sourceTree = "<group>";
		};
/* End PBXGroup section */

/* Begin PBXNativeTarget section */
		7A2637B420E369C0008FF5BA /* DemoApp */ = {
			isa = PBXNativeTarget;
			buildConfigurationList = 7A2637E020E369C2008FF5BA /* Build configuration list for PBXNativeTarget "DemoApp" */;
			buildPhases = (
				7A2637B120E369C0008FF5BA /* Sources */,
				7A2637B220E369C0008FF5BA /* Frameworks */,
				7A2637B320E369C0008FF5BA /* Resources */,
			);
			buildRules = (
			);
			dependencies = (
			);
			name = DemoApp;
			productName = DemoApp;
			productReference = 7A2637B520E369C0008FF5BA /* DemoApp.app */;
			productType = "com.apple.product-type.application";
		};
		7A2637CB20E369C2008FF5BA /* DemoAppTests */ = {
			isa = PBXNativeTarget;
			buildConfigurationList = 7A2637E320E369C2008FF5BA /* Build configuration list for PBXNativeTarget "DemoAppTests" */;
			buildPhases = (
				7A2637C820E369C2008FF5BA /* Sources */,
				7A2637C920E369C2008FF5BA /* Frameworks */,
				7A2637CA20E369C2008FF5BA /* Resources */,
			);
			buildRules = (
			);
			dependencies = (
				7A2637CE20E369C2008FF5BA /* PBXTargetDependency */,
			);
			name = DemoAppTests;
			productName = DemoAppTests;
			productReference = 7A2637CC20E369C2008FF5BA /* DemoAppTests.xctest */;
			productType = "com.apple.product-type.bundle.unit-test";
		};
		7A2637D620E369C2008FF5BA /* DemoAppUITests */ = {
			isa = PBXNativeTarget;
			buildConfigurationList = 7A2637E620E369C2008FF5BA /* Build configuration list for PBXNativeTarget "DemoAppUITests" */;
			buildPhases = (
				7A2637D320E369C2008FF5BA /* Sources */,
				7A2637D420E369C2008FF5BA /* Frameworks */,
				7A2637D520E369C2008FF5BA /* Resources */,
			);
			buildRules = (
			);
			dependencies = (
				7A2637D920E369C2008FF5BA /* PBXTargetDependency */,
			);
			name = DemoAppUITests;
			productName = DemoAppUITests;
			productReference = 7A2637D720E369C2008FF5BA /* DemoAppUITests.xctest */;
			productType = "com.apple.product-type.bundle.ui-testing";
		};
/* End PBXNativeTarget section */

/* Begin PBXProject section */
		7A2637AD20E369C0008FF5BA /* Project object */ = {
			isa = PBXProject;
			attributes = {
				LastSwiftUpdateCheck = 0930;
				LastUpgradeCheck = 0930;
				ORGANIZATIONNAME = ritheshri2;
				TargetAttributes = {
					7A2637B420E369C0008FF5BA = {
						CreatedOnToolsVersion = 9.3.1;
					};
					7A2637CB20E369C2008FF5BA = {
						CreatedOnToolsVersion = 9.3.1;
						TestTargetID = 7A2637B420E369C0008FF5BA;
					};
					7A2637D620E369C2008FF5BA = {
						CreatedOnToolsVersion = 9.3.1;
						TestTargetID = 7A2637B420E369C0008FF5BA;
					};
				};
			};
			buildConfigurationList = 7A2637B020E369C0008FF5BA /* Build configuration list for PBXProject "DemoApp" */;
			compatibilityVersion = "Xcode 9.3";
			developmentRegion = en;
			hasScannedForEncodings = 0;
			knownRegions = (
				en,
				Base,
			);
			mainGroup = 7A2637AC20E369C0008FF5BA;
			productRefGroup = 7A2637B620E369C0008FF5BA /* Products */;
			projectDirPath = "";
			projectReferences = (
				{
					ProductGroup = 7A7B4FC620E370220078E8C8 /* Products */;
					ProjectRef = 7A7B4FC520E370220078E8C8 /* FrameworkCore.xcodeproj */;
				},
				{
					ProductGroup = 7A7B4F9820E36E070078E8C8 /* Products */;
					ProjectRef = 7A7B4F9720E36E070078E8C8 /* FrameworkOne.xcodeproj */;
				},
			);
			projectRoot = "";
			targets = (
				7A2637B420E369C0008FF5BA /* DemoApp */,
				7A2637CB20E369C2008FF5BA /* DemoAppTests */,
				7A2637D620E369C2008FF5BA /* DemoAppUITests */,
			);
		};
/* End PBXProject section */

/* Begin PBXReferenceProxy section */
		7A7B4F9D20E36E080078E8C8 /* FrameworkOne.framework */ = {
			isa = PBXReferenceProxy;
			fileType = wrapper.framework;
			path = FrameworkOne.framework;
			remoteRef = 7A7B4F9C20E36E080078E8C8 /* PBXContainerItemProxy */;
			sourceTree = BUILT_PRODUCTS_DIR;
		};
		7A7B4F9F20E36E080078E8C8 /* FrameworkOneTests.xctest */ = {
			isa = PBXReferenceProxy;
			fileType = wrapper.cfbundle;
			path = FrameworkOneTests.xctest;
			remoteRef = 7A7B4F9E20E36E080078E8C8 /* PBXContainerItemProxy */;
			sourceTree = BUILT_PRODUCTS_DIR;
		};
		7A7B4FCB20E370220078E8C8 /* FrameworkCore.framework */ = {
			isa = PBXReferenceProxy;
			fileType = wrapper.framework;
			path = FrameworkCore.framework;
			remoteRef = 7A7B4FCA20E370220078E8C8 /* PBXContainerItemProxy */;
			sourceTree = BUILT_PRODUCTS_DIR;
		};
		7A7B4FCD20E370220078E8C8 /* FrameworkCoreTests.xctest */ = {
			isa = PBXReferenceProxy;
			fileType = wrapper.cfbundle;
			path = FrameworkCoreTests.xctest;
			remoteRef = 7A7B4FCC20E370220078E8C8 /* PBXContainerItemProxy */;
			sourceTree = BUILT_PRODUCTS_DIR;
		};
/* End PBXReferenceProxy section */

/* Begin PBXResourcesBuildPhase section */
		7A2637B320E369C0008FF5BA /* Resources */ = {
			isa = PBXResourcesBuildPhase;
			buildActionMask = 2147483647;
			files = (
				7A2637C620E369C2008FF5BA /* LaunchScreen.storyboard in Resources */,
				7A2637C320E369C2008FF5BA /* Assets.xcassets in Resources */,
				7A2637BE20E369C0008FF5BA /* Main.storyboard in Resources */,
			);
			runOnlyForDeploymentPostprocessing = 0;
		};
		7A2637CA20E369C2008FF5BA /* Resources */ = {
			isa = PBXResourcesBuildPhase;
			buildActionMask = 2147483647;
			files = (
			);
			runOnlyForDeploymentPostprocessing = 0;
		};
		7A2637D520E369C2008FF5BA /* Resources */ = {
			isa = PBXResourcesBuildPhase;
			buildActionMask = 2147483647;
			files = (
			);
			runOnlyForDeploymentPostprocessing = 0;
		};
/* End PBXResourcesBuildPhase section */

/* Begin PBXSourcesBuildPhase section */
		7A2637B120E369C0008FF5BA /* Sources */ = {
			isa = PBXSourcesBuildPhase;
			buildActionMask = 2147483647;
			files = (
				7A2637BB20E369C0008FF5BA /* ViewController.swift in Sources */,
				7A2637C120E369C0008FF5BA /* DemoApp.xcdatamodeld in Sources */,
				7A2637B920E369C0008FF5BA /* AppDelegate.swift in Sources */,
			);
			runOnlyForDeploymentPostprocessing = 0;
		};
		7A2637C820E369C2008FF5BA /* Sources */ = {
			isa = PBXSourcesBuildPhase;
			buildActionMask = 2147483647;
			files = (
				7A2637D120E369C2008FF5BA /* DemoAppTests.swift in Sources */,
			);
			runOnlyForDeploymentPostprocessing = 0;
		};
		7A2637D320E369C2008FF5BA /* Sources */ = {
			isa = PBXSourcesBuildPhase;
			buildActionMask = 2147483647;
			files = (
				7A2637DC20E369C2008FF5BA /* DemoAppUITests.swift in Sources */,
			);
			runOnlyForDeploymentPostprocessing = 0;
		};
/* End PBXSourcesBuildPhase section */

/* Begin PBXTargetDependency section */
		7A2637CE20E369C2008FF5BA /* PBXTargetDependency */ = {
			isa = PBXTargetDependency;
			target = 7A2637B420E369C0008FF5BA /* DemoApp */;
			targetProxy = 7A2637CD20E369C2008FF5BA /* PBXContainerItemProxy */;
		};
		7A2637D920E369C2008FF5BA /* PBXTargetDependency */ = {
			isa = PBXTargetDependency;
			target = 7A2637B420E369C0008FF5BA /* DemoApp */;
			targetProxy = 7A2637D820E369C2008FF5BA /* PBXContainerItemProxy */;
		};
/* End PBXTargetDependency section */

/* Begin PBXVariantGroup section */
		7A2637BC20E369C0008FF5BA /* Main.storyboard */ = {
			isa = PBXVariantGroup;
			children = (
				7A2637BD20E369C0008FF5BA /* Base */,
			);
			name = Main.storyboard;
			sourceTree = "<group>";
		};
		7A2637C420E369C2008FF5BA /* LaunchScreen.storyboard */ = {
			isa = PBXVariantGroup;
			children = (
				7A2637C520E369C2008FF5BA /* Base */,
			);
			name = LaunchScreen.storyboard;
			sourceTree = "<group>";
		};
/* End PBXVariantGroup section */

/* Begin XCBuildConfiguration section */
		7A2637DE20E369C2008FF5BA /* Debug */ = {
			isa = XCBuildConfiguration;
			buildSettings = {
				ALWAYS_SEARCH_USER_PATHS = NO;
				CLANG_ANALYZER_NONNULL = YES;
				CLANG_ANALYZER_NUMBER_OBJECT_CONVERSION = YES_AGGRESSIVE;
				CLANG_CXX_LANGUAGE_STANDARD = "gnu++14";
				CLANG_CXX_LIBRARY = "libc++";
				CLANG_ENABLE_MODULES = YES;
				CLANG_ENABLE_OBJC_ARC = YES;
				CLANG_ENABLE_OBJC_WEAK = YES;
				CLANG_WARN_BLOCK_CAPTURE_AUTORELEASING = YES;
				CLANG_WARN_BOOL_CONVERSION = YES;
				CLANG_WARN_COMMA = YES;
				CLANG_WARN_CONSTANT_CONVERSION = YES;
				CLANG_WARN_DEPRECATED_OBJC_IMPLEMENTATIONS = YES;
				CLANG_WARN_DIRECT_OBJC_ISA_USAGE = YES_ERROR;
				CLANG_WARN_DOCUMENTATION_COMMENTS = YES;
				CLANG_WARN_EMPTY_BODY = YES;
				CLANG_WARN_ENUM_CONVERSION = YES;
				CLANG_WARN_INFINITE_RECURSION = YES;
				CLANG_WARN_INT_CONVERSION = YES;
				CLANG_WARN_NON_LITERAL_NULL_CONVERSION = YES;
				CLANG_WARN_OBJC_IMPLICIT_RETAIN_SELF = YES;
				CLANG_WARN_OBJC_LITERAL_CONVERSION = YES;
				CLANG_WARN_OBJC_ROOT_CLASS = YES_ERROR;
				CLANG_WARN_RANGE_LOOP_ANALYSIS = YES;
				CLANG_WARN_STRICT_PROTOTYPES = YES;
				CLANG_WARN_SUSPICIOUS_MOVE = YES;
				CLANG_WARN_UNGUARDED_AVAILABILITY = YES_AGGRESSIVE;
				CLANG_WARN_UNREACHABLE_CODE = YES;
				CLANG_WARN__DUPLICATE_METHOD_MATCH = YES;
				CODE_SIGN_IDENTITY = "iPhone Developer";
				COPY_PHASE_STRIP = NO;
				DEBUG_INFORMATION_FORMAT = dwarf;
				ENABLE_STRICT_OBJC_MSGSEND = YES;
				ENABLE_TESTABILITY = YES;
				GCC_C_LANGUAGE_STANDARD = gnu11;
				GCC_DYNAMIC_NO_PIC = NO;
				GCC_NO_COMMON_BLOCKS = YES;
				GCC_OPTIMIZATION_LEVEL = 0;
				GCC_PREPROCESSOR_DEFINITIONS = (
					"DEBUG=1",
					"$(inherited)",
				);
				GCC_WARN_64_TO_32_BIT_CONVERSION = YES;
				GCC_WARN_ABOUT_RETURN_TYPE = YES_ERROR;
				GCC_WARN_UNDECLARED_SELECTOR = YES;
				GCC_WARN_UNINITIALIZED_AUTOS = YES_AGGRESSIVE;
				GCC_WARN_UNUSED_FUNCTION = YES;
				GCC_WARN_UNUSED_VARIABLE = YES;
				IPHONEOS_DEPLOYMENT_TARGET = 11.3;
				MTL_ENABLE_DEBUG_INFO = YES;
				ONLY_ACTIVE_ARCH = YES;
				SDKROOT = iphoneos;
				SWIFT_ACTIVE_COMPILATION_CONDITIONS = DEBUG;
				SWIFT_OPTIMIZATION_LEVEL = "-Onone";
			};
			name = Debug;
		};
		7A2637DF20E369C2008FF5BA /* Release */ = {
			isa = XCBuildConfiguration;
			buildSettings = {
				ALWAYS_SEARCH_USER_PATHS = NO;
				CLANG_ANALYZER_NONNULL = YES;
				CLANG_ANALYZER_NUMBER_OBJECT_CONVERSION = YES_AGGRESSIVE;
				CLANG_CXX_LANGUAGE_STANDARD = "gnu++14";
				CLANG_CXX_LIBRARY = "libc++";
				CLANG_ENABLE_MODULES = YES;
				CLANG_ENABLE_OBJC_ARC = YES;
				CLANG_ENABLE_OBJC_WEAK = YES;
				CLANG_WARN_BLOCK_CAPTURE_AUTORELEASING = YES;
				CLANG_WARN_BOOL_CONVERSION = YES;
				CLANG_WARN_COMMA = YES;
				CLANG_WARN_CONSTANT_CONVERSION = YES;
				CLANG_WARN_DEPRECATED_OBJC_IMPLEMENTATIONS = YES;
				CLANG_WARN_DIRECT_OBJC_ISA_USAGE = YES_ERROR;
				CLANG_WARN_DOCUMENTATION_COMMENTS = YES;
				CLANG_WARN_EMPTY_BODY = YES;
				CLANG_WARN_ENUM_CONVERSION = YES;
				CLANG_WARN_INFINITE_RECURSION = YES;
				CLANG_WARN_INT_CONVERSION = YES;
				CLANG_WARN_NON_LITERAL_NULL_CONVERSION = YES;
				CLANG_WARN_OBJC_IMPLICIT_RETAIN_SELF = YES;
				CLANG_WARN_OBJC_LITERAL_CONVERSION = YES;
				CLANG_WARN_OBJC_ROOT_CLASS = YES_ERROR;
				CLANG_WARN_RANGE_LOOP_ANALYSIS = YES;
				CLANG_WARN_STRICT_PROTOTYPES = YES;
				CLANG_WARN_SUSPICIOUS_MOVE = YES;
				CLANG_WARN_UNGUARDED_AVAILABILITY = YES_AGGRESSIVE;
				CLANG_WARN_UNREACHABLE_CODE = YES;
				CLANG_WARN__DUPLICATE_METHOD_MATCH = YES;
				CODE_SIGN_IDENTITY = "iPhone Developer";
				COPY_PHASE_STRIP = NO;
				DEBUG_INFORMATION_FORMAT = "dwarf-with-dsym";
				ENABLE_NS_ASSERTIONS = NO;
				ENABLE_STRICT_OBJC_MSGSEND = YES;
				GCC_C_LANGUAGE_STANDARD = gnu11;
				GCC_NO_COMMON_BLOCKS = YES;
				GCC_WARN_64_TO_32_BIT_CONVERSION = YES;
				GCC_WARN_ABOUT_RETURN_TYPE = YES_ERROR;
				GCC_WARN_UNDECLARED_SELECTOR = YES;
				GCC_WARN_UNINITIALIZED_AUTOS = YES_AGGRESSIVE;
				GCC_WARN_UNUSED_FUNCTION = YES;
				GCC_WARN_UNUSED_VARIABLE = YES;
				IPHONEOS_DEPLOYMENT_TARGET = 11.3;
				MTL_ENABLE_DEBUG_INFO = NO;
				SDKROOT = iphoneos;
				SWIFT_COMPILATION_MODE = wholemodule;
				SWIFT_OPTIMIZATION_LEVEL = "-O";
				VALIDATE_PRODUCT = YES;
			};
			name = Release;
		};
		7A2637E120E369C2008FF5BA /* Debug */ = {
			isa = XCBuildConfiguration;
			buildSettings = {
				ASSETCATALOG_COMPILER_APPICON_NAME = AppIcon;
				CODE_SIGN_STYLE = Automatic;
				INFOPLIST_FILE = DemoApp/Info.plist;
				LD_RUNPATH_SEARCH_PATHS = (
					"$(inherited)",
					"@executable_path/Frameworks",
				);
				PRODUCT_BUNDLE_IDENTIFIER = ritheshri2.DemoApp;
				PRODUCT_NAME = "$(TARGET_NAME)";
				SWIFT_VERSION = 4.0;
				TARGETED_DEVICE_FAMILY = "1,2";
			};
			name = Debug;
		};
		7A2637E220E369C2008FF5BA /* Release */ = {
			isa = XCBuildConfiguration;
			buildSettings = {
				ASSETCATALOG_COMPILER_APPICON_NAME = AppIcon;
				CODE_SIGN_STYLE = Automatic;
				INFOPLIST_FILE = DemoApp/Info.plist;
				LD_RUNPATH_SEARCH_PATHS = (
					"$(inherited)",
					"@executable_path/Frameworks",
				);
				PRODUCT_BUNDLE_IDENTIFIER = ritheshri2.DemoApp;
				PRODUCT_NAME = "$(TARGET_NAME)";
				SWIFT_VERSION = 4.0;
				TARGETED_DEVICE_FAMILY = "1,2";
			};
			name = Release;
		};
		7A2637E420E369C2008FF5BA /* Debug */ = {
			isa = XCBuildConfiguration;
			buildSettings = {
				ALWAYS_EMBED_SWIFT_STANDARD_LIBRARIES = YES;
				BUNDLE_LOADER = "$(TEST_HOST)";
				CODE_SIGN_STYLE = Automatic;
				INFOPLIST_FILE = DemoAppTests/Info.plist;
				LD_RUNPATH_SEARCH_PATHS = (
					"$(inherited)",
					"@executable_path/Frameworks",
					"@loader_path/Frameworks",
				);
				PRODUCT_BUNDLE_IDENTIFIER = ritheshri2.DemoAppTests;
				PRODUCT_NAME = "$(TARGET_NAME)";
				SWIFT_VERSION = 4.0;
				TARGETED_DEVICE_FAMILY = "1,2";
				TEST_HOST = "$(BUILT_PRODUCTS_DIR)/DemoApp.app/DemoApp";
			};
			name = Debug;
		};
		7A2637E520E369C2008FF5BA /* Release */ = {
			isa = XCBuildConfiguration;
			buildSettings = {
				ALWAYS_EMBED_SWIFT_STANDARD_LIBRARIES = YES;
				BUNDLE_LOADER = "$(TEST_HOST)";
				CODE_SIGN_STYLE = Automatic;
				INFOPLIST_FILE = DemoAppTests/Info.plist;
				LD_RUNPATH_SEARCH_PATHS = (
					"$(inherited)",
					"@executable_path/Frameworks",
					"@loader_path/Frameworks",
				);
				PRODUCT_BUNDLE_IDENTIFIER = ritheshri2.DemoAppTests;
				PRODUCT_NAME = "$(TARGET_NAME)";
				SWIFT_VERSION = 4.0;
				TARGETED_DEVICE_FAMILY = "1,2";
				TEST_HOST = "$(BUILT_PRODUCTS_DIR)/DemoApp.app/DemoApp";
			};
			name = Release;
		};
		7A2637E720E369C2008FF5BA /* Debug */ = {
			isa = XCBuildConfiguration;
			buildSettings = {
				ALWAYS_EMBED_SWIFT_STANDARD_LIBRARIES = YES;
				CODE_SIGN_STYLE = Automatic;
				INFOPLIST_FILE = DemoAppUITests/Info.plist;
				LD_RUNPATH_SEARCH_PATHS = (
					"$(inherited)",
					"@executable_path/Frameworks",
					"@loader_path/Frameworks",
				);
				PRODUCT_BUNDLE_IDENTIFIER = ritheshri2.DemoAppUITests;
				PRODUCT_NAME = "$(TARGET_NAME)";
				SWIFT_VERSION = 4.0;
				TARGETED_DEVICE_FAMILY = "1,2";
				TEST_TARGET_NAME = DemoApp;
			};
			name = Debug;
		};
		7A2637E820E369C2008FF5BA /* Release */ = {
			isa = XCBuildConfiguration;
			buildSettings = {
				ALWAYS_EMBED_SWIFT_STANDARD_LIBRARIES = YES;
				CODE_SIGN_STYLE = Automatic;
				INFOPLIST_FILE = DemoAppUITests/Info.plist;
				LD_RUNPATH_SEARCH_PATHS = (
					"$(inherited)",
					"@executable_path/Frameworks",
					"@loader_path/Frameworks",
				);
				PRODUCT_BUNDLE_IDENTIFIER = ritheshri2.DemoAppUITests;
				PRODUCT_NAME = "$(TARGET_NAME)";
				SWIFT_VERSION = 4.0;
				TARGETED_DEVICE_FAMILY = "1,2";
				TEST_TARGET_NAME = DemoApp;
			};
			name = Release;
		};
/* End XCBuildConfiguration section */

/* Begin XCConfigurationList section */
		7A2637B020E369C0008FF5BA /* Build configuration list for PBXProject "DemoApp" */ = {
			isa = XCConfigurationList;
			buildConfigurations = (
				7A2637DE20E369C2008FF5BA /* Debug */,
				7A2637DF20E369C2008FF5BA /* Release */,
			);
			defaultConfigurationIsVisible = 0;
			defaultConfigurationName = Release;
		};
		7A2637E020E369C2008FF5BA /* Build configuration list for PBXNativeTarget "DemoApp" */ = {
			isa = XCConfigurationList;
			buildConfigurations = (
				7A2637E120E369C2008FF5BA /* Debug */,
				7A2637E220E369C2008FF5BA /* Release */,
			);
			defaultConfigurationIsVisible = 0;
			defaultConfigurationName = Release;
		};
		7A2637E320E369C2008FF5BA /* Build configuration list for PBXNativeTarget "DemoAppTests" */ = {
			isa = XCConfigurationList;
			buildConfigurations = (
				7A2637E420E369C2008FF5BA /* Debug */,
				7A2637E520E369C2008FF5BA /* Release */,
			);
			defaultConfigurationIsVisible = 0;
			defaultConfigurationName = Release;
		};
		7A2637E620E369C2008FF5BA /* Build configuration list for PBXNativeTarget "DemoAppUITests" */ = {
			isa = XCConfigurationList;
			buildConfigurations = (
				7A2637E720E369C2008FF5BA /* Debug */,
				7A2637E820E369C2008FF5BA /* Release */,
			);
			defaultConfigurationIsVisible = 0;
			defaultConfigurationName = Release;
		};
/* End XCConfigurationList section */

/* Begin XCVersionGroup section */
		7A2637BF20E369C0008FF5BA /* DemoApp.xcdatamodeld */ = {
			isa = XCVersionGroup;
			children = (
				7A2637C020E369C0008FF5BA /* DemoApp.xcdatamodel */,
			);
			currentVersion = 7A2637C020E369C0008FF5BA /* DemoApp.xcdatamodel */;
			path = DemoApp.xcdatamodeld;
			sourceTree = "<group>";
			versionGroupType = wrapper.xcdatamodel;
		};
/* End XCVersionGroup section */
	};
	rootObject = 7A2637AD20E369C0008FF5BA /* Project object */;
}
